Microsoft Visual Studio Solution File, Format Version 12.00
# Visual Studio Version 17
VisualStudioVersion = 17.2.32210.308
MinimumVisualStudioVersion = 15.0.26124.0

Project("{2150E333-8FDC-42A3-9474-1A3956D46DE8}") = "Source", "Source", "{C71C3758-CC68-4977-B71D-028F6489A5D3}"
EndProject
Project("{2150E333-8FDC-42A3-9474-1A3956D46DE8}") = "Platforms", "Platforms", "{C29E1725-2374-4EA6-96AF-7F1AF3A46AEB}"
EndProject
Project("{2150E333-8FDC-42A3-9474-1A3956D46DE8}") = "Backend", "Backend", "{F0BD9E54-9553-4844-BB2F-7E28728C8514}"
EndProject
Project("{2150E333-8FDC-42A3-9474-1A3956D46DE8}") = "Tests", "Tests", "{CE713054-04D4-40D6-BF71-60FA4A6EC648}"
EndProject

Project("{9A19103F-16F7-4668-BE54-9A1E7A4F7556}") = "Restatify.SupportChat", "Restatify.SupportChat\Restatify.SupportChat.csproj", "{6C3E9325-0AD2-429B-9091-A4990F3572DE}"
EndProject
Project("{9A19103F-16F7-4668-BE54-9A1E7A4F7556}") = "Restatify.SupportChat.Mobile", "Restatify.SupportChat.Mobile\Restatify.SupportChat.Mobile.csproj", "{ECE34C5E-0CAD-460C-A6AD-237C79CADDFB}"
EndProject
Project("{9A19103F-16F7-4668-BE54-9A1E7A4F7556}") = "Restatify.SupportChat.Wasm", "Restatify.SupportChat.Wasm\Restatify.SupportChat.Wasm.csproj", "{13026EE7-0BAC-4BB5-BF15-30BEC8584DEE}"
EndProject
Project("{9A19103F-16F7-4668-BE54-9A1E7A4F7556}") = "Restatify.SupportChat.Skia.Gtk", "Restatify.SupportChat.Skia.Gtk\Restatify.SupportChat.Skia.Gtk.csproj", "{A41A8A3F-DEB1-4D57-BC69-CA6D22765918}"
EndProject
Project("{9A19103F-16F7-4668-BE54-9A1E7A4F7556}") = "Restatify.SupportChat.Windows", "Restatify.SupportChat.Windows\Restatify.SupportChat.Windows.csproj", "{5E9A9BD3-BD04-4CDB-863F-E1D5E23D5953}"
EndProject
Project("{9A19103F-16F7-4668-BE54-9A1E7A4F7556}") = "Restatify.SupportChat.Server", "Restatify.SupportChat.Server\Restatify.SupportChat.Server.csproj", "{E0725CA2-4BFD-427A-8162-2C24AB113200}"
EndProject
Project("{9A19103F-16F7-4668-BE54-9A1E7A4F7556}") = "Restatify.SupportChat.DataContracts", "Restatify.SupportChat.DataContracts\Restatify.SupportChat.DataContracts.csproj", "{E33A4994-F1E8-49CE-8A5F-1C6D2C062459}"
EndProject
Project("{9A19103F-16F7-4668-BE54-9A1E7A4F7556}") = "Restatify.SupportChat.Tests", "Restatify.SupportChat.Tests\Restatify.SupportChat.Tests.csproj", "{D95C5098-7118-4E62-857A-323B8DD0CC4F}"
EndProject

Project("{2150E333-8FDC-42A3-9474-1A3956D46DE8}") = "Solution Items", "Solution Items", "{BADA71DC-7FFD-4EDC-9F28-FB74AEADC713}"
	ProjectSection(SolutionItems) = preProject
		Directory.Build.props = Directory.Build.props
		Directory.Build.targets = Directory.Build.targets
	EndProjectSection
EndProject
Global
	GlobalSection(SolutionConfigurationPlatforms) = preSolution
		Debug|Any CPU = Debug|Any CPU
		Debug|ARM = Debug|ARM
		Debug|ARM64 = Debug|ARM64
		Debug|iPhone = Debug|iPhone
		Debug|iPhoneSimulator = Debug|iPhoneSimulator
		Debug|x64 = Debug|x64
		Debug|x86 = Debug|x86
		Release|Any CPU = Release|Any CPU
		Release|ARM = Release|ARM
		Release|ARM64 = Release|ARM64
		Release|iPhone = Release|iPhone
		Release|iPhoneSimulator = Release|iPhoneSimulator
		Release|x64 = Release|x64
		Release|x86 = Release|x86
	EndGlobalSection
	GlobalSection(ProjectConfigurationPlatforms) = postSolution
		{ECE34C5E-0CAD-460C-A6AD-237C79CADDFB}.Debug|Any CPU.ActiveCfg = Debug|Any CPU
		{ECE34C5E-0CAD-460C-A6AD-237C79CADDFB}.Debug|Any CPU.Build.0 = Debug|Any CPU
		{ECE34C5E-0CAD-460C-A6AD-237C79CADDFB}.Debug|Any CPU.Deploy.0 = Debug|Any CPU
		{ECE34C5E-0CAD-460C-A6AD-237C79CADDFB}.Debug|ARM.ActiveCfg = Debug|Any CPU
		{ECE34C5E-0CAD-460C-A6AD-237C79CADDFB}.Debug|ARM.Build.0 = Debug|Any CPU
		{ECE34C5E-0CAD-460C-A6AD-237C79CADDFB}.Debug|ARM.Deploy.0 = Debug|Any CPU
		{ECE34C5E-0CAD-460C-A6AD-237C79CADDFB}.Debug|ARM64.ActiveCfg = Debug|Any CPU
		{ECE34C5E-0CAD-460C-A6AD-237C79CADDFB}.Debug|ARM64.Build.0 = Debug|Any CPU
		{ECE34C5E-0CAD-460C-A6AD-237C79CADDFB}.Debug|ARM64.Deploy.0 = Debug|Any CPU
		{ECE34C5E-0CAD-460C-A6AD-237C79CADDFB}.Debug|iPhone.ActiveCfg = Debug|Any CPU
		{ECE34C5E-0CAD-460C-A6AD-237C79CADDFB}.Debug|iPhone.Build.0 = Debug|Any CPU
		{ECE34C5E-0CAD-460C-A6AD-237C79CADDFB}.Debug|iPhone.Deploy.0 = Debug|Any CPU
		{ECE34C5E-0CAD-460C-A6AD-237C79CADDFB}.Debug|iPhoneSimulator.ActiveCfg = Debug|Any CPU
		{ECE34C5E-0CAD-460C-A6AD-237C79CADDFB}.Debug|iPhoneSimulator.Build.0 = Debug|Any CPU
		{ECE34C5E-0CAD-460C-A6AD-237C79CADDFB}.Debug|iPhoneSimulator.Deploy.0 = Debug|Any CPU
		{ECE34C5E-0CAD-460C-A6AD-237C79CADDFB}.Debug|x64.ActiveCfg = Debug|Any CPU
		{ECE34C5E-0CAD-460C-A6AD-237C79CADDFB}.Debug|x64.Build.0 = Debug|Any CPU
		{ECE34C5E-0CAD-460C-A6AD-237C79CADDFB}.Debug|x64.Deploy.0 = Debug|Any CPU
		{ECE34C5E-0CAD-460C-A6AD-237C79CADDFB}.Debug|x86.ActiveCfg = Debug|Any CPU
		{ECE34C5E-0CAD-460C-A6AD-237C79CADDFB}.Debug|x86.Build.0 = Debug|Any CPU
		{ECE34C5E-0CAD-460C-A6AD-237C79CADDFB}.Debug|x86.Deploy.0 = Debug|Any CPU
		{ECE34C5E-0CAD-460C-A6AD-237C79CADDFB}.Release|Any CPU.ActiveCfg = Release|Any CPU
		{ECE34C5E-0CAD-460C-A6AD-237C79CADDFB}.Release|Any CPU.Build.0 = Release|Any CPU
		{ECE34C5E-0CAD-460C-A6AD-237C79CADDFB}.Release|Any CPU.Deploy.0 = Release|Any CPU
		{ECE34C5E-0CAD-460C-A6AD-237C79CADDFB}.Release|ARM.ActiveCfg = Release|Any CPU
		{ECE34C5E-0CAD-460C-A6AD-237C79CADDFB}.Release|ARM.Build.0 = Release|Any CPU
		{ECE34C5E-0CAD-460C-A6AD-237C79CADDFB}.Release|ARM.Deploy.0 = Release|Any CPU
		{ECE34C5E-0CAD-460C-A6AD-237C79CADDFB}.Release|ARM64.ActiveCfg = Release|Any CPU
		{ECE34C5E-0CAD-460C-A6AD-237C79CADDFB}.Release|ARM64.Build.0 = Release|Any CPU
		{ECE34C5E-0CAD-460C-A6AD-237C79CADDFB}.Release|ARM64.Deploy.0 = Release|Any CPU
		{ECE34C5E-0CAD-460C-A6AD-237C79CADDFB}.Release|iPhone.ActiveCfg = Release|Any CPU
		{ECE34C5E-0CAD-460C-A6AD-237C79CADDFB}.Release|iPhone.Build.0 = Release|Any CPU
		{ECE34C5E-0CAD-460C-A6AD-237C79CADDFB}.Release|iPhone.Deploy.0 = Release|Any CPU
		{ECE34C5E-0CAD-460C-A6AD-237C79CADDFB}.Release|iPhoneSimulator.ActiveCfg = Release|Any CPU
		{ECE34C5E-0CAD-460C-A6AD-237C79CADDFB}.Release|iPhoneSimulator.Build.0 = Release|Any CPU
		{ECE34C5E-0CAD-460C-A6AD-237C79CADDFB}.Release|iPhoneSimulator.Deploy.0 = Release|Any CPU
		{ECE34C5E-0CAD-460C-A6AD-237C79CADDFB}.Release|x64.ActiveCfg = Release|Any CPU
		{ECE34C5E-0CAD-460C-A6AD-237C79CADDFB}.Release|x64.Build.0 = Release|Any CPU
		{ECE34C5E-0CAD-460C-A6AD-237C79CADDFB}.Release|x64.Deploy.0 = Release|Any CPU
		{ECE34C5E-0CAD-460C-A6AD-237C79CADDFB}.Release|x86.ActiveCfg = Release|Any CPU
		{ECE34C5E-0CAD-460C-A6AD-237C79CADDFB}.Release|x86.Build.0 = Release|Any CPU
		{ECE34C5E-0CAD-460C-A6AD-237C79CADDFB}.Release|x86.Deploy.0 = Release|Any CPU
		{13026EE7-0BAC-4BB5-BF15-30BEC8584DEE}.Debug|Any CPU.ActiveCfg = Debug|Any CPU
		{13026EE7-0BAC-4BB5-BF15-30BEC8584DEE}.Debug|Any CPU.Build.0 = Debug|Any CPU
		{13026EE7-0BAC-4BB5-BF15-30BEC8584DEE}.Debug|ARM.ActiveCfg = Debug|Any CPU
		{13026EE7-0BAC-4BB5-BF15-30BEC8584DEE}.Debug|ARM.Build.0 = Debug|Any CPU
		{13026EE7-0BAC-4BB5-BF15-30BEC8584DEE}.Debug|ARM64.ActiveCfg = Debug|Any CPU
		{13026EE7-0BAC-4BB5-BF15-30BEC8584DEE}.Debug|ARM64.Build.0 = Debug|Any CPU
		{13026EE7-0BAC-4BB5-BF15-30BEC8584DEE}.Debug|iPhone.ActiveCfg = Debug|Any CPU
		{13026EE7-0BAC-4BB5-BF15-30BEC8584DEE}.Debug|iPhone.Build.0 = Debug|Any CPU
		{13026EE7-0BAC-4BB5-BF15-30BEC8584DEE}.Debug|iPhoneSimulator.ActiveCfg = Debug|Any CPU
		{13026EE7-0BAC-4BB5-BF15-30BEC8584DEE}.Debug|iPhoneSimulator.Build.0 = Debug|Any CPU
		{13026EE7-0BAC-4BB5-BF15-30BEC8584DEE}.Debug|x64.ActiveCfg = Debug|Any CPU
		{13026EE7-0BAC-4BB5-BF15-30BEC8584DEE}.Debug|x64.Build.0 = Debug|Any CPU
		{13026EE7-0BAC-4BB5-BF15-30BEC8584DEE}.Debug|x86.ActiveCfg = Debug|Any CPU
		{13026EE7-0BAC-4BB5-BF15-30BEC8584DEE}.Debug|x86.Build.0 = Debug|Any CPU
		{13026EE7-0BAC-4BB5-BF15-30BEC8584DEE}.Release|Any CPU.ActiveCfg = Release|Any CPU
		{13026EE7-0BAC-4BB5-BF15-30BEC8584DEE}.Release|Any CPU.Build.0 = Release|Any CPU
		{13026EE7-0BAC-4BB5-BF15-30BEC8584DEE}.Release|ARM.ActiveCfg = Release|Any CPU
		{13026EE7-0BAC-4BB5-BF15-30BEC8584DEE}.Release|ARM.Build.0 = Release|Any CPU
		{13026EE7-0BAC-4BB5-BF15-30BEC8584DEE}.Release|ARM64.ActiveCfg = Release|Any CPU
		{13026EE7-0BAC-4BB5-BF15-30BEC8584DEE}.Release|ARM64.Build.0 = Release|Any CPU
		{13026EE7-0BAC-4BB5-BF15-30BEC8584DEE}.Release|iPhone.ActiveCfg = Release|Any CPU
		{13026EE7-0BAC-4BB5-BF15-30BEC8584DEE}.Release|iPhone.Build.0 = Release|Any CPU
		{13026EE7-0BAC-4BB5-BF15-30BEC8584DEE}.Release|iPhoneSimulator.ActiveCfg = Release|Any CPU
		{13026EE7-0BAC-4BB5-BF15-30BEC8584DEE}.Release|iPhoneSimulator.Build.0 = Release|Any CPU
		{13026EE7-0BAC-4BB5-BF15-30BEC8584DEE}.Release|x64.ActiveCfg = Release|Any CPU
		{13026EE7-0BAC-4BB5-BF15-30BEC8584DEE}.Release|x64.Build.0 = Release|Any CPU
		{13026EE7-0BAC-4BB5-BF15-30BEC8584DEE}.Release|x86.ActiveCfg = Release|Any CPU
		{13026EE7-0BAC-4BB5-BF15-30BEC8584DEE}.Release|x86.Build.0 = Release|Any CPU
		{A41A8A3F-DEB1-4D57-BC69-CA6D22765918}.Debug|Any CPU.ActiveCfg = Debug|Any CPU
		{A41A8A3F-DEB1-4D57-BC69-CA6D22765918}.Debug|Any CPU.Build.0 = Debug|Any CPU
		{A41A8A3F-DEB1-4D57-BC69-CA6D22765918}.Debug|ARM.ActiveCfg = Debug|Any CPU
		{A41A8A3F-DEB1-4D57-BC69-CA6D22765918}.Debug|ARM.Build.0 = Debug|Any CPU
		{A41A8A3F-DEB1-4D57-BC69-CA6D22765918}.Debug|ARM64.ActiveCfg = Debug|Any CPU
		{A41A8A3F-DEB1-4D57-BC69-CA6D22765918}.Debug|ARM64.Build.0 = Debug|Any CPU
		{A41A8A3F-DEB1-4D57-BC69-CA6D22765918}.Debug|iPhone.ActiveCfg = Debug|Any CPU
		{A41A8A3F-DEB1-4D57-BC69-CA6D22765918}.Debug|iPhone.Build.0 = Debug|Any CPU
		{A41A8A3F-DEB1-4D57-BC69-CA6D22765918}.Debug|iPhoneSimulator.ActiveCfg = Debug|Any CPU
		{A41A8A3F-DEB1-4D57-BC69-CA6D22765918}.Debug|iPhoneSimulator.Build.0 = Debug|Any CPU
		{A41A8A3F-DEB1-4D57-BC69-CA6D22765918}.Debug|x64.ActiveCfg = Debug|Any CPU
		{A41A8A3F-DEB1-4D57-BC69-CA6D22765918}.Debug|x64.Build.0 = Debug|Any CPU
		{A41A8A3F-DEB1-4D57-BC69-CA6D22765918}.Debug|x86.ActiveCfg = Debug|Any CPU
		{A41A8A3F-DEB1-4D57-BC69-CA6D22765918}.Debug|x86.Build.0 = Debug|Any CPU
		{A41A8A3F-DEB1-4D57-BC69-CA6D22765918}.Release|Any CPU.ActiveCfg = Release|Any CPU
		{A41A8A3F-DEB1-4D57-BC69-CA6D22765918}.Release|Any CPU.Build.0 = Release|Any CPU
		{A41A8A3F-DEB1-4D57-BC69-CA6D22765918}.Release|ARM.ActiveCfg = Release|Any CPU
		{A41A8A3F-DEB1-4D57-BC69-CA6D22765918}.Release|ARM.Build.0 = Release|Any CPU
		{A41A8A3F-DEB1-4D57-BC69-CA6D22765918}.Release|ARM64.ActiveCfg = Release|Any CPU
		{A41A8A3F-DEB1-4D57-BC69-CA6D22765918}.Release|ARM64.Build.0 = Release|Any CPU
		{A41A8A3F-DEB1-4D57-BC69-CA6D22765918}.Release|iPhone.ActiveCfg = Release|Any CPU
		{A41A8A3F-DEB1-4D57-BC69-CA6D22765918}.Release|iPhone.Build.0 = Release|Any CPU
		{A41A8A3F-DEB1-4D57-BC69-CA6D22765918}.Release|iPhoneSimulator.ActiveCfg = Release|Any CPU
		{A41A8A3F-DEB1-4D57-BC69-CA6D22765918}.Release|iPhoneSimulator.Build.0 = Release|Any CPU
		{A41A8A3F-DEB1-4D57-BC69-CA6D22765918}.Release|x64.ActiveCfg = Release|Any CPU
		{A41A8A3F-DEB1-4D57-BC69-CA6D22765918}.Release|x64.Build.0 = Release|Any CPU
		{A41A8A3F-DEB1-4D57-BC69-CA6D22765918}.Release|x86.ActiveCfg = Release|Any CPU
		{A41A8A3F-DEB1-4D57-BC69-CA6D22765918}.Release|x86.Build.0 = Release|Any CPU
		{E0725CA2-4BFD-427A-8162-2C24AB113200}.Debug|Any CPU.ActiveCfg = Debug|Any CPU
		{E0725CA2-4BFD-427A-8162-2C24AB113200}.Debug|Any CPU.Build.0 = Debug|Any CPU
		{E0725CA2-4BFD-427A-8162-2C24AB113200}.Debug|ARM.ActiveCfg = Debug|Any CPU
		{E0725CA2-4BFD-427A-8162-2C24AB113200}.Debug|ARM.Build.0 = Debug|Any CPU
		{E0725CA2-4BFD-427A-8162-2C24AB113200}.Debug|ARM64.ActiveCfg = Debug|Any CPU
		{E0725CA2-4BFD-427A-8162-2C24AB113200}.Debug|ARM64.Build.0 = Debug|Any CPU
		{E0725CA2-4BFD-427A-8162-2C24AB113200}.Debug|iPhone.ActiveCfg = Debug|Any CPU
		{E0725CA2-4BFD-427A-8162-2C24AB113200}.Debug|iPhone.Build.0 = Debug|Any CPU
		{E0725CA2-4BFD-427A-8162-2C24AB113200}.Debug|iPhoneSimulator.ActiveCfg = Debug|Any CPU
		{E0725CA2-4BFD-427A-8162-2C24AB113200}.Debug|iPhoneSimulator.Build.0 = Debug|Any CPU
		{E0725CA2-4BFD-427A-8162-2C24AB113200}.Debug|x64.ActiveCfg = Debug|Any CPU
		{E0725CA2-4BFD-427A-8162-2C24AB113200}.Debug|x64.Build.0 = Debug|Any CPU
		{E0725CA2-4BFD-427A-8162-2C24AB113200}.Debug|x86.ActiveCfg = Debug|Any CPU
		{E0725CA2-4BFD-427A-8162-2C24AB113200}.Debug|x86.Build.0 = Debug|Any CPU
		{E0725CA2-4BFD-427A-8162-2C24AB113200}.Release|Any CPU.ActiveCfg = Release|Any CPU
		{E0725CA2-4BFD-427A-8162-2C24AB113200}.Release|Any CPU.Build.0 = Release|Any CPU
		{E0725CA2-4BFD-427A-8162-2C24AB113200}.Release|ARM.ActiveCfg = Release|Any CPU
		{E0725CA2-4BFD-427A-8162-2C24AB113200}.Release|ARM.Build.0 = Release|Any CPU
		{E0725CA2-4BFD-427A-8162-2C24AB113200}.Release|ARM64.ActiveCfg = Release|Any CPU
		{E0725CA2-4BFD-427A-8162-2C24AB113200}.Release|ARM64.Build.0 = Release|Any CPU
		{E0725CA2-4BFD-427A-8162-2C24AB113200}.Release|iPhone.ActiveCfg = Release|Any CPU
		{E0725CA2-4BFD-427A-8162-2C24AB113200}.Release|iPhone.Build.0 = Release|Any CPU
		{E0725CA2-4BFD-427A-8162-2C24AB113200}.Release|iPhoneSimulator.ActiveCfg = Release|Any CPU
		{E0725CA2-4BFD-427A-8162-2C24AB113200}.Release|iPhoneSimulator.Build.0 = Release|Any CPU
		{E0725CA2-4BFD-427A-8162-2C24AB113200}.Release|x64.ActiveCfg = Release|Any CPU
		{E0725CA2-4BFD-427A-8162-2C24AB113200}.Release|x64.Build.0 = Release|Any CPU
		{E0725CA2-4BFD-427A-8162-2C24AB113200}.Release|x86.ActiveCfg = Release|Any CPU
		{E0725CA2-4BFD-427A-8162-2C24AB113200}.Release|x86.Build.0 = Release|Any CPU
		{E33A4994-F1E8-49CE-8A5F-1C6D2C062459}.Debug|Any CPU.ActiveCfg = Debug|Any CPU
		{E33A4994-F1E8-49CE-8A5F-1C6D2C062459}.Debug|Any CPU.Build.0 = Debug|Any CPU
		{E33A4994-F1E8-49CE-8A5F-1C6D2C062459}.Debug|ARM.ActiveCfg = Debug|Any CPU
		{E33A4994-F1E8-49CE-8A5F-1C6D2C062459}.Debug|ARM.Build.0 = Debug|Any CPU
		{E33A4994-F1E8-49CE-8A5F-1C6D2C062459}.Debug|ARM64.ActiveCfg = Debug|Any CPU
		{E33A4994-F1E8-49CE-8A5F-1C6D2C062459}.Debug|ARM64.Build.0 = Debug|Any CPU
		{E33A4994-F1E8-49CE-8A5F-1C6D2C062459}.Debug|iPhone.ActiveCfg = Debug|Any CPU
		{E33A4994-F1E8-49CE-8A5F-1C6D2C062459}.Debug|iPhone.Build.0 = Debug|Any CPU
		{E33A4994-F1E8-49CE-8A5F-1C6D2C062459}.Debug|iPhoneSimulator.ActiveCfg = Debug|Any CPU
		{E33A4994-F1E8-49CE-8A5F-1C6D2C062459}.Debug|iPhoneSimulator.Build.0 = Debug|Any CPU
		{E33A4994-F1E8-49CE-8A5F-1C6D2C062459}.Debug|x64.ActiveCfg = Debug|Any CPU
		{E33A4994-F1E8-49CE-8A5F-1C6D2C062459}.Debug|x64.Build.0 = Debug|Any CPU
		{E33A4994-F1E8-49CE-8A5F-1C6D2C062459}.Debug|x86.ActiveCfg = Debug|Any CPU
		{E33A4994-F1E8-49CE-8A5F-1C6D2C062459}.Debug|x86.Build.0 = Debug|Any CPU
		{E33A4994-F1E8-49CE-8A5F-1C6D2C062459}.Release|Any CPU.ActiveCfg = Release|Any CPU
		{E33A4994-F1E8-49CE-8A5F-1C6D2C062459}.Release|Any CPU.Build.0 = Release|Any CPU
		{E33A4994-F1E8-49CE-8A5F-1C6D2C062459}.Release|ARM.ActiveCfg = Release|Any CPU
		{E33A4994-F1E8-49CE-8A5F-1C6D2C062459}.Release|ARM.Build.0 = Release|Any CPU
		{E33A4994-F1E8-49CE-8A5F-1C6D2C062459}.Release|ARM64.ActiveCfg = Release|Any CPU
		{E33A4994-F1E8-49CE-8A5F-1C6D2C062459}.Release|ARM64.Build.0 = Release|Any CPU
		{E33A4994-F1E8-49CE-8A5F-1C6D2C062459}.Release|iPhone.ActiveCfg = Release|Any CPU
		{E33A4994-F1E8-49CE-8A5F-1C6D2C062459}.Release|iPhone.Build.0 = Release|Any CPU
		{E33A4994-F1E8-49CE-8A5F-1C6D2C062459}.Release|iPhoneSimulator.ActiveCfg = Release|Any CPU
		{E33A4994-F1E8-49CE-8A5F-1C6D2C062459}.Release|iPhoneSimulator.Build.0 = Release|Any CPU
		{E33A4994-F1E8-49CE-8A5F-1C6D2C062459}.Release|x64.ActiveCfg = Release|Any CPU
		{E33A4994-F1E8-49CE-8A5F-1C6D2C062459}.Release|x64.Build.0 = Release|Any CPU
		{E33A4994-F1E8-49CE-8A5F-1C6D2C062459}.Release|x86.ActiveCfg = Release|Any CPU
		{E33A4994-F1E8-49CE-8A5F-1C6D2C062459}.Release|x86.Build.0 = Release|Any CPU
		{6C3E9325-0AD2-429B-9091-A4990F3572DE}.Debug|Any CPU.ActiveCfg = Debug|Any CPU
		{6C3E9325-0AD2-429B-9091-A4990F3572DE}.Debug|Any CPU.Build.0 = Debug|Any CPU
		{6C3E9325-0AD2-429B-9091-A4990F3572DE}.Debug|ARM.ActiveCfg = Debug|Any CPU
		{6C3E9325-0AD2-429B-9091-A4990F3572DE}.Debug|ARM.Build.0 = Debug|Any CPU
		{6C3E9325-0AD2-429B-9091-A4990F3572DE}.Debug|ARM64.ActiveCfg = Debug|Any CPU
		{6C3E9325-0AD2-429B-9091-A4990F3572DE}.Debug|ARM64.Build.0 = Debug|Any CPU
		{6C3E9325-0AD2-429B-9091-A4990F3572DE}.Debug|iPhone.ActiveCfg = Debug|Any CPU
		{6C3E9325-0AD2-429B-9091-A4990F3572DE}.Debug|iPhone.Build.0 = Debug|Any CPU
		{6C3E9325-0AD2-429B-9091-A4990F3572DE}.Debug|iPhoneSimulator.ActiveCfg = Debug|Any CPU
		{6C3E9325-0AD2-429B-9091-A4990F3572DE}.Debug|iPhoneSimulator.Build.0 = Debug|Any CPU
		{6C3E9325-0AD2-429B-9091-A4990F3572DE}.Debug|x64.ActiveCfg = Debug|Any CPU
		{6C3E9325-0AD2-429B-9091-A4990F3572DE}.Debug|x64.Build.0 = Debug|Any CPU
		{6C3E9325-0AD2-429B-9091-A4990F3572DE}.Debug|x86.ActiveCfg = Debug|Any CPU
		{6C3E9325-0AD2-429B-9091-A4990F3572DE}.Debug|x86.Build.0 = Debug|Any CPU
		{6C3E9325-0AD2-429B-9091-A4990F3572DE}.Release|Any CPU.ActiveCfg = Release|Any CPU
		{6C3E9325-0AD2-429B-9091-A4990F3572DE}.Release|Any CPU.Build.0 = Release|Any CPU
		{6C3E9325-0AD2-429B-9091-A4990F3572DE}.Release|ARM.ActiveCfg = Release|Any CPU
		{6C3E9325-0AD2-429B-9091-A4990F3572DE}.Release|ARM.Build.0 = Release|Any CPU
		{6C3E9325-0AD2-429B-9091-A4990F3572DE}.Release|ARM64.ActiveCfg = Release|Any CPU
		{6C3E9325-0AD2-429B-9091-A4990F3572DE}.Release|ARM64.Build.0 = Release|Any CPU
		{6C3E9325-0AD2-429B-9091-A4990F3572DE}.Release|iPhone.ActiveCfg = Release|Any CPU
		{6C3E9325-0AD2-429B-9091-A4990F3572DE}.Release|iPhone.Build.0 = Release|Any CPU
		{6C3E9325-0AD2-429B-9091-A4990F3572DE}.Release|iPhoneSimulator.ActiveCfg = Release|Any CPU
		{6C3E9325-0AD2-429B-9091-A4990F3572DE}.Release|iPhoneSimulator.Build.0 = Release|Any CPU
		{6C3E9325-0AD2-429B-9091-A4990F3572DE}.Release|x64.ActiveCfg = Release|Any CPU
		{6C3E9325-0AD2-429B-9091-A4990F3572DE}.Release|x64.Build.0 = Release|Any CPU
		{6C3E9325-0AD2-429B-9091-A4990F3572DE}.Release|x86.ActiveCfg = Release|Any CPU
		{6C3E9325-0AD2-429B-9091-A4990F3572DE}.Release|x86.Build.0 = Release|Any CPU
		{D95C5098-7118-4E62-857A-323B8DD0CC4F}.Debug|Any CPU.ActiveCfg = Debug|Any CPU
		{D95C5098-7118-4E62-857A-323B8DD0CC4F}.Debug|Any CPU.Build.0 = Debug|Any CPU
		{D95C5098-7118-4E62-857A-323B8DD0CC4F}.Debug|ARM.ActiveCfg = Debug|Any CPU
		{D95C5098-7118-4E62-857A-323B8DD0CC4F}.Debug|ARM.Build.0 = Debug|Any CPU
		{D95C5098-7118-4E62-857A-323B8DD0CC4F}.Debug|ARM64.ActiveCfg = Debug|Any CPU
		{D95C5098-7118-4E62-857A-323B8DD0CC4F}.Debug|ARM64.Build.0 = Debug|Any CPU
		{D95C5098-7118-4E62-857A-323B8DD0CC4F}.Debug|iPhone.ActiveCfg = Debug|Any CPU
		{D95C5098-7118-4E62-857A-323B8DD0CC4F}.Debug|iPhone.Build.0 = Debug|Any CPU
		{D95C5098-7118-4E62-857A-323B8DD0CC4F}.Debug|iPhoneSimulator.ActiveCfg = Debug|Any CPU
		{D95C5098-7118-4E62-857A-323B8DD0CC4F}.Debug|iPhoneSimulator.Build.0 = Debug|Any CPU
		{D95C5098-7118-4E62-857A-323B8DD0CC4F}.Debug|x64.ActiveCfg = Debug|Any CPU
		{D95C5098-7118-4E62-857A-323B8DD0CC4F}.Debug|x64.Build.0 = Debug|Any CPU
		{D95C5098-7118-4E62-857A-323B8DD0CC4F}.Debug|x86.ActiveCfg = Debug|Any CPU
		{D95C5098-7118-4E62-857A-323B8DD0CC4F}.Debug|x86.Build.0 = Debug|Any CPU
		{D95C5098-7118-4E62-857A-323B8DD0CC4F}.Release|Any CPU.ActiveCfg = Release|Any CPU
		{D95C5098-7118-4E62-857A-323B8DD0CC4F}.Release|Any CPU.Build.0 = Release|Any CPU
		{D95C5098-7118-4E62-857A-323B8DD0CC4F}.Release|ARM.ActiveCfg = Release|Any CPU
		{D95C5098-7118-4E62-857A-323B8DD0CC4F}.Release|ARM.Build.0 = Release|Any CPU
		{D95C5098-7118-4E62-857A-323B8DD0CC4F}.Release|ARM64.ActiveCfg = Release|Any CPU
		{D95C5098-7118-4E62-857A-323B8DD0CC4F}.Release|ARM64.Build.0 = Release|Any CPU
		{D95C5098-7118-4E62-857A-323B8DD0CC4F}.Release|iPhone.ActiveCfg = Release|Any CPU
		{D95C5098-7118-4E62-857A-323B8DD0CC4F}.Release|iPhone.Build.0 = Release|Any CPU
		{D95C5098-7118-4E62-857A-323B8DD0CC4F}.Release|iPhoneSimulator.ActiveCfg = Release|Any CPU
		{D95C5098-7118-4E62-857A-323B8DD0CC4F}.Release|iPhoneSimulator.Build.0 = Release|Any CPU
		{D95C5098-7118-4E62-857A-323B8DD0CC4F}.Release|x64.ActiveCfg = Release|Any CPU
		{D95C5098-7118-4E62-857A-323B8DD0CC4F}.Release|x64.Build.0 = Release|Any CPU
		{D95C5098-7118-4E62-857A-323B8DD0CC4F}.Release|x86.ActiveCfg = Release|Any CPU
		{D95C5098-7118-4E62-857A-323B8DD0CC4F}.Release|x86.Build.0 = Release|Any CPU
		{5E9A9BD3-BD04-4CDB-863F-E1D5E23D5953}.Debug|Any CPU.ActiveCfg = Debug|x64
		{5E9A9BD3-BD04-4CDB-863F-E1D5E23D5953}.Debug|Any CPU.Build.0 = Debug|x64
		{5E9A9BD3-BD04-4CDB-863F-E1D5E23D5953}.Debug|Any CPU.Deploy.0 = Debug|x64
		{5E9A9BD3-BD04-4CDB-863F-E1D5E23D5953}.Debug|ARM.ActiveCfg = Debug|x64
		{5E9A9BD3-BD04-4CDB-863F-E1D5E23D5953}.Debug|ARM.Build.0 = Debug|x64
		{5E9A9BD3-BD04-4CDB-863F-E1D5E23D5953}.Debug|ARM.Deploy.0 = Debug|x64
		{5E9A9BD3-BD04-4CDB-863F-E1D5E23D5953}.Debug|ARM64.ActiveCfg = Debug|arm64
		{5E9A9BD3-BD04-4CDB-863F-E1D5E23D5953}.Debug|ARM64.Build.0 = Debug|arm64
		{5E9A9BD3-BD04-4CDB-863F-E1D5E23D5953}.Debug|ARM64.Deploy.0 = Debug|arm64
		{5E9A9BD3-BD04-4CDB-863F-E1D5E23D5953}.Debug|iPhone.ActiveCfg = Debug|x64
		{5E9A9BD3-BD04-4CDB-863F-E1D5E23D5953}.Debug|iPhone.Build.0 = Debug|x64
		{5E9A9BD3-BD04-4CDB-863F-E1D5E23D5953}.Debug|iPhone.Deploy.0 = Debug|x64
		{5E9A9BD3-BD04-4CDB-863F-E1D5E23D5953}.Debug|iPhoneSimulator.ActiveCfg = Debug|x64
		{5E9A9BD3-BD04-4CDB-863F-E1D5E23D5953}.Debug|iPhoneSimulator.Build.0 = Debug|x64
		{5E9A9BD3-BD04-4CDB-863F-E1D5E23D5953}.Debug|iPhoneSimulator.Deploy.0 = Debug|x64
		{5E9A9BD3-BD04-4CDB-863F-E1D5E23D5953}.Debug|x64.ActiveCfg = Debug|x64
		{5E9A9BD3-BD04-4CDB-863F-E1D5E23D5953}.Debug|x64.Build.0 = Debug|x64
		{5E9A9BD3-BD04-4CDB-863F-E1D5E23D5953}.Debug|x86.ActiveCfg = Debug|x86
		{5E9A9BD3-BD04-4CDB-863F-E1D5E23D5953}.Debug|x86.Build.0 = Debug|x86
		{5E9A9BD3-BD04-4CDB-863F-E1D5E23D5953}.Release|Any CPU.ActiveCfg = Release|x64
		{5E9A9BD3-BD04-4CDB-863F-E1D5E23D5953}.Release|Any CPU.Build.0 = Release|x64
		{5E9A9BD3-BD04-4CDB-863F-E1D5E23D5953}.Release|Any CPU.Deploy.0 = Release|x64
		{5E9A9BD3-BD04-4CDB-863F-E1D5E23D5953}.Release|ARM.ActiveCfg = Release|x64
		{5E9A9BD3-BD04-4CDB-863F-E1D5E23D5953}.Release|ARM.Build.0 = Release|x64
		{5E9A9BD3-BD04-4CDB-863F-E1D5E23D5953}.Release|ARM64.ActiveCfg = Release|arm64
		{5E9A9BD3-BD04-4CDB-863F-E1D5E23D5953}.Release|ARM64.Build.0 = Release|arm64
		{5E9A9BD3-BD04-4CDB-863F-E1D5E23D5953}.Release|iPhone.ActiveCfg = Release|x64
		{5E9A9BD3-BD04-4CDB-863F-E1D5E23D5953}.Release|iPhone.Build.0 = Release|x64
		{5E9A9BD3-BD04-4CDB-863F-E1D5E23D5953}.Release|iPhoneSimulator.ActiveCfg = Release|x64
		{5E9A9BD3-BD04-4CDB-863F-E1D5E23D5953}.Release|iPhoneSimulator.Build.0 = Release|x64
		{5E9A9BD3-BD04-4CDB-863F-E1D5E23D5953}.Release|x64.ActiveCfg = Release|x64
		{5E9A9BD3-BD04-4CDB-863F-E1D5E23D5953}.Release|x64.Build.0 = Release|x64
		{5E9A9BD3-BD04-4CDB-863F-E1D5E23D5953}.Release|x86.ActiveCfg = Release|x86
		{5E9A9BD3-BD04-4CDB-863F-E1D5E23D5953}.Release|x86.Build.0 = Release|x86
	EndGlobalSection
	GlobalSection(SolutionProperties) = preSolution
		HideSolutionNode = FALSE
	EndGlobalSection
	GlobalSection(NestedProjects) = preSolution
		{6C3E9325-0AD2-429B-9091-A4990F3572DE} = {C71C3758-CC68-4977-B71D-028F6489A5D3}
		{E33A4994-F1E8-49CE-8A5F-1C6D2C062459} = {C71C3758-CC68-4977-B71D-028F6489A5D3}
		{C29E1725-2374-4EA6-96AF-7F1AF3A46AEB} = {C71C3758-CC68-4977-B71D-028F6489A5D3}
		{F0BD9E54-9553-4844-BB2F-7E28728C8514} = {C71C3758-CC68-4977-B71D-028F6489A5D3}
		{ECE34C5E-0CAD-460C-A6AD-237C79CADDFB} = {C29E1725-2374-4EA6-96AF-7F1AF3A46AEB}
		{13026EE7-0BAC-4BB5-BF15-30BEC8584DEE} = {C29E1725-2374-4EA6-96AF-7F1AF3A46AEB}
		{A41A8A3F-DEB1-4D57-BC69-CA6D22765918} = {C29E1725-2374-4EA6-96AF-7F1AF3A46AEB}
		{5E9A9BD3-BD04-4CDB-863F-E1D5E23D5953} = {C29E1725-2374-4EA6-96AF-7F1AF3A46AEB}
		{E0725CA2-4BFD-427A-8162-2C24AB113200} = {F0BD9E54-9553-4844-BB2F-7E28728C8514}
		{D95C5098-7118-4E62-857A-323B8DD0CC4F} = {CE713054-04D4-40D6-BF71-60FA4A6EC648}
	EndGlobalSection
	GlobalSection(ExtensibilityGlobals) = postSolution
		SolutionGuid = {3C346883-D762-4DCF-AE52-72DB42FACC9F}
	EndGlobalSection
EndGlobal
