
Microsoft Visual Studio Solution File, Format Version 12.00
# Visual Studio Version 17
VisualStudioVersion = 17.2.32210.308
MinimumVisualStudioVersion = 15.0.26124.0
Project("{2150E333-8FDC-42A3-9474-1A3956D46DE8}") = "Source", "Source", "{C71C3758-CC68-4977-B71D-028F6489A5D3}"
EndProject
Project("{2150E333-8FDC-42A3-9474-1A3956D46DE8}") = "Backend", "Backend", "{F0BD9E54-9553-4844-BB2F-7E28728C8514}"
EndProject
Project("{2150E333-8FDC-42A3-9474-1A3956D46DE8}") = "Tests", "Tests", "{CE713054-04D4-40D6-BF71-60FA4A6EC648}"
EndProject
Project("{9A19103F-16F7-4668-BE54-9A1E7A4F7556}") = "Restatify.SupportChat.Server", "Restatify.SupportChat.Server\Restatify.SupportChat.Server.csproj", "{E0725CA2-4BFD-427A-8162-2C24AB113200}"
EndProject
Project("{9A19103F-16F7-4668-BE54-9A1E7A4F7556}") = "Restatify.SupportChat.DataContracts", "Restatify.SupportChat.DataContracts\Restatify.SupportChat.DataContracts.csproj", "{E33A4994-F1E8-49CE-8A5F-1C6D2C062459}"
EndProject
Project("{9A19103F-16F7-4668-BE54-9A1E7A4F7556}") = "Restatify.SupportChat.Tests", "Restatify.SupportChat.Tests\Restatify.SupportChat.Tests.csproj", "{D95C5098-7118-4E62-857A-323B8DD0CC4F}"
EndProject
Project("{2150E333-8FDC-42A3-9474-1A3956D46DE8}") = "Solution Items", "Solution Items", "{BADA71DC-7FFD-4EDC-9F28-FB74AEADC713}"
	ProjectSection(SolutionItems) = preProject
		Directory.Build.props = Directory.Build.props
		Directory.Build.targets = Directory.Build.targets
	EndProjectSection
EndProject
Project("{FAE04EC0-301F-11D3-BF4B-00C04F79EFBC}") = "Restatify.SupportChat.Windows", "Restatify.SupportChat.Windows\Restatify.SupportChat.Windows.csproj", "{7089EE52-E029-46A0-B1FB-F0EE3C86AED3}"
EndProject
Global
	GlobalSection(SolutionConfigurationPlatforms) = preSolution
		Debug|Any CPU = Debug|Any CPU
		Debug|ARM = Debug|ARM
		Debug|ARM64 = Debug|ARM64
		Debug|iPhone = Debug|iPhone
		Debug|iPhoneSimulator = Debug|iPhoneSimulator
		Debug|x64 = Debug|x64
		Debug|x86 = Debug|x86
		Release|Any CPU = Release|Any CPU
		Release|ARM = Release|ARM
		Release|ARM64 = Release|ARM64
		Release|iPhone = Release|iPhone
		Release|iPhoneSimulator = Release|iPhoneSimulator
		Release|x64 = Release|x64
		Release|x86 = Release|x86
	EndGlobalSection
	GlobalSection(ProjectConfigurationPlatforms) = postSolution
		{E0725CA2-4BFD-427A-8162-2C24AB113200}.Debug|Any CPU.ActiveCfg = Debug|Any CPU
		{E0725CA2-4BFD-427A-8162-2C24AB113200}.Debug|Any CPU.Build.0 = Debug|Any CPU
		{E0725CA2-4BFD-427A-8162-2C24AB113200}.Debug|ARM.ActiveCfg = Debug|Any CPU
		{E0725CA2-4BFD-427A-8162-2C24AB113200}.Debug|ARM.Build.0 = Debug|Any CPU
		{E0725CA2-4BFD-427A-8162-2C24AB113200}.Debug|ARM64.ActiveCfg = Debug|Any CPU
		{E0725CA2-4BFD-427A-8162-2C24AB113200}.Debug|ARM64.Build.0 = Debug|Any CPU
		{E0725CA2-4BFD-427A-8162-2C24AB113200}.Debug|iPhone.ActiveCfg = Debug|Any CPU
		{E0725CA2-4BFD-427A-8162-2C24AB113200}.Debug|iPhone.Build.0 = Debug|Any CPU
		{E0725CA2-4BFD-427A-8162-2C24AB113200}.Debug|iPhoneSimulator.ActiveCfg = Debug|Any CPU
		{E0725CA2-4BFD-427A-8162-2C24AB113200}.Debug|iPhoneSimulator.Build.0 = Debug|Any CPU
		{E0725CA2-4BFD-427A-8162-2C24AB113200}.Debug|x64.ActiveCfg = Debug|Any CPU
		{E0725CA2-4BFD-427A-8162-2C24AB113200}.Debug|x64.Build.0 = Debug|Any CPU
		{E0725CA2-4BFD-427A-8162-2C24AB113200}.Debug|x86.ActiveCfg = Debug|Any CPU
		{E0725CA2-4BFD-427A-8162-2C24AB113200}.Debug|x86.Build.0 = Debug|Any CPU
		{E0725CA2-4BFD-427A-8162-2C24AB113200}.Release|Any CPU.ActiveCfg = Release|Any CPU
		{E0725CA2-4BFD-427A-8162-2C24AB113200}.Release|Any CPU.Build.0 = Release|Any CPU
		{E0725CA2-4BFD-427A-8162-2C24AB113200}.Release|ARM.ActiveCfg = Release|Any CPU
		{E0725CA2-4BFD-427A-8162-2C24AB113200}.Release|ARM.Build.0 = Release|Any CPU
		{E0725CA2-4BFD-427A-8162-2C24AB113200}.Release|ARM64.ActiveCfg = Release|Any CPU
		{E0725CA2-4BFD-427A-8162-2C24AB113200}.Release|ARM64.Build.0 = Release|Any CPU
		{E0725CA2-4BFD-427A-8162-2C24AB113200}.Release|iPhone.ActiveCfg = Release|Any CPU
		{E0725CA2-4BFD-427A-8162-2C24AB113200}.Release|iPhone.Build.0 = Release|Any CPU
		{E0725CA2-4BFD-427A-8162-2C24AB113200}.Release|iPhoneSimulator.ActiveCfg = Release|Any CPU
		{E0725CA2-4BFD-427A-8162-2C24AB113200}.Release|iPhoneSimulator.Build.0 = Release|Any CPU
		{E0725CA2-4BFD-427A-8162-2C24AB113200}.Release|x64.ActiveCfg = Release|Any CPU
		{E0725CA2-4BFD-427A-8162-2C24AB113200}.Release|x64.Build.0 = Release|Any CPU
		{E0725CA2-4BFD-427A-8162-2C24AB113200}.Release|x86.ActiveCfg = Release|Any CPU
		{E0725CA2-4BFD-427A-8162-2C24AB113200}.Release|x86.Build.0 = Release|Any CPU
		{E33A4994-F1E8-49CE-8A5F-1C6D2C062459}.Debug|Any CPU.ActiveCfg = Debug|Any CPU
		{E33A4994-F1E8-49CE-8A5F-1C6D2C062459}.Debug|Any CPU.Build.0 = Debug|Any CPU
		{E33A4994-F1E8-49CE-8A5F-1C6D2C062459}.Debug|ARM.ActiveCfg = Debug|Any CPU
		{E33A4994-F1E8-49CE-8A5F-1C6D2C062459}.Debug|ARM.Build.0 = Debug|Any CPU
		{E33A4994-F1E8-49CE-8A5F-1C6D2C062459}.Debug|ARM64.ActiveCfg = Debug|Any CPU
		{E33A4994-F1E8-49CE-8A5F-1C6D2C062459}.Debug|ARM64.Build.0 = Debug|Any CPU
		{E33A4994-F1E8-49CE-8A5F-1C6D2C062459}.Debug|iPhone.ActiveCfg = Debug|Any CPU
		{E33A4994-F1E8-49CE-8A5F-1C6D2C062459}.Debug|iPhone.Build.0 = Debug|Any CPU
		{E33A4994-F1E8-49CE-8A5F-1C6D2C062459}.Debug|iPhoneSimulator.ActiveCfg = Debug|Any CPU
		{E33A4994-F1E8-49CE-8A5F-1C6D2C062459}.Debug|iPhoneSimulator.Build.0 = Debug|Any CPU
		{E33A4994-F1E8-49CE-8A5F-1C6D2C062459}.Debug|x64.ActiveCfg = Debug|Any CPU
		{E33A4994-F1E8-49CE-8A5F-1C6D2C062459}.Debug|x64.Build.0 = Debug|Any CPU
		{E33A4994-F1E8-49CE-8A5F-1C6D2C062459}.Debug|x86.ActiveCfg = Debug|Any CPU
		{E33A4994-F1E8-49CE-8A5F-1C6D2C062459}.Debug|x86.Build.0 = Debug|Any CPU
		{E33A4994-F1E8-49CE-8A5F-1C6D2C062459}.Release|Any CPU.ActiveCfg = Release|Any CPU
		{E33A4994-F1E8-49CE-8A5F-1C6D2C062459}.Release|Any CPU.Build.0 = Release|Any CPU
		{E33A4994-F1E8-49CE-8A5F-1C6D2C062459}.Release|ARM.ActiveCfg = Release|Any CPU
		{E33A4994-F1E8-49CE-8A5F-1C6D2C062459}.Release|ARM.Build.0 = Release|Any CPU
		{E33A4994-F1E8-49CE-8A5F-1C6D2C062459}.Release|ARM64.ActiveCfg = Release|Any CPU
		{E33A4994-F1E8-49CE-8A5F-1C6D2C062459}.Release|ARM64.Build.0 = Release|Any CPU
		{E33A4994-F1E8-49CE-8A5F-1C6D2C062459}.Release|iPhone.ActiveCfg = Release|Any CPU
		{E33A4994-F1E8-49CE-8A5F-1C6D2C062459}.Release|iPhone.Build.0 = Release|Any CPU
		{E33A4994-F1E8-49CE-8A5F-1C6D2C062459}.Release|iPhoneSimulator.ActiveCfg = Release|Any CPU
		{E33A4994-F1E8-49CE-8A5F-1C6D2C062459}.Release|iPhoneSimulator.Build.0 = Release|Any CPU
		{E33A4994-F1E8-49CE-8A5F-1C6D2C062459}.Release|x64.ActiveCfg = Release|Any CPU
		{E33A4994-F1E8-49CE-8A5F-1C6D2C062459}.Release|x64.Build.0 = Release|Any CPU
		{E33A4994-F1E8-49CE-8A5F-1C6D2C062459}.Release|x86.ActiveCfg = Release|Any CPU
		{E33A4994-F1E8-49CE-8A5F-1C6D2C062459}.Release|x86.Build.0 = Release|Any CPU
		{D95C5098-7118-4E62-857A-323B8DD0CC4F}.Debug|Any CPU.ActiveCfg = Debug|Any CPU
		{D95C5098-7118-4E62-857A-323B8DD0CC4F}.Debug|Any CPU.Build.0 = Debug|Any CPU
		{D95C5098-7118-4E62-857A-323B8DD0CC4F}.Debug|ARM.ActiveCfg = Debug|Any CPU
		{D95C5098-7118-4E62-857A-323B8DD0CC4F}.Debug|ARM.Build.0 = Debug|Any CPU
		{D95C5098-7118-4E62-857A-323B8DD0CC4F}.Debug|ARM64.ActiveCfg = Debug|Any CPU
		{D95C5098-7118-4E62-857A-323B8DD0CC4F}.Debug|ARM64.Build.0 = Debug|Any CPU
		{D95C5098-7118-4E62-857A-323B8DD0CC4F}.Debug|iPhone.ActiveCfg = Debug|Any CPU
		{D95C5098-7118-4E62-857A-323B8DD0CC4F}.Debug|iPhone.Build.0 = Debug|Any CPU
		{D95C5098-7118-4E62-857A-323B8DD0CC4F}.Debug|iPhoneSimulator.ActiveCfg = Debug|Any CPU
		{D95C5098-7118-4E62-857A-323B8DD0CC4F}.Debug|iPhoneSimulator.Build.0 = Debug|Any CPU
		{D95C5098-7118-4E62-857A-323B8DD0CC4F}.Debug|x64.ActiveCfg = Debug|Any CPU
		{D95C5098-7118-4E62-857A-323B8DD0CC4F}.Debug|x64.Build.0 = Debug|Any CPU
		{D95C5098-7118-4E62-857A-323B8DD0CC4F}.Debug|x86.ActiveCfg = Debug|Any CPU
		{D95C5098-7118-4E62-857A-323B8DD0CC4F}.Debug|x86.Build.0 = Debug|Any CPU
		{D95C5098-7118-4E62-857A-323B8DD0CC4F}.Release|Any CPU.ActiveCfg = Release|Any CPU
		{D95C5098-7118-4E62-857A-323B8DD0CC4F}.Release|Any CPU.Build.0 = Release|Any CPU
		{D95C5098-7118-4E62-857A-323B8DD0CC4F}.Release|ARM.ActiveCfg = Release|Any CPU
		{D95C5098-7118-4E62-857A-323B8DD0CC4F}.Release|ARM.Build.0 = Release|Any CPU
		{D95C5098-7118-4E62-857A-323B8DD0CC4F}.Release|ARM64.ActiveCfg = Release|Any CPU
		{D95C5098-7118-4E62-857A-323B8DD0CC4F}.Release|ARM64.Build.0 = Release|Any CPU
		{D95C5098-7118-4E62-857A-323B8DD0CC4F}.Release|iPhone.ActiveCfg = Release|Any CPU
		{D95C5098-7118-4E62-857A-323B8DD0CC4F}.Release|iPhone.Build.0 = Release|Any CPU
		{D95C5098-7118-4E62-857A-323B8DD0CC4F}.Release|iPhoneSimulator.ActiveCfg = Release|Any CPU
		{D95C5098-7118-4E62-857A-323B8DD0CC4F}.Release|iPhoneSimulator.Build.0 = Release|Any CPU
		{D95C5098-7118-4E62-857A-323B8DD0CC4F}.Release|x64.ActiveCfg = Release|Any CPU
		{D95C5098-7118-4E62-857A-323B8DD0CC4F}.Release|x64.Build.0 = Release|Any CPU
		{D95C5098-7118-4E62-857A-323B8DD0CC4F}.Release|x86.ActiveCfg = Release|Any CPU
		{D95C5098-7118-4E62-857A-323B8DD0CC4F}.Release|x86.Build.0 = Release|Any CPU
		{7089EE52-E029-46A0-B1FB-F0EE3C86AED3}.Debug|Any CPU.ActiveCfg = Debug|Any CPU
		{7089EE52-E029-46A0-B1FB-F0EE3C86AED3}.Debug|Any CPU.Build.0 = Debug|Any CPU
		{7089EE52-E029-46A0-B1FB-F0EE3C86AED3}.Debug|ARM.ActiveCfg = Debug|Any CPU
		{7089EE52-E029-46A0-B1FB-F0EE3C86AED3}.Debug|ARM.Build.0 = Debug|Any CPU
		{7089EE52-E029-46A0-B1FB-F0EE3C86AED3}.Debug|ARM64.ActiveCfg = Debug|Any CPU
		{7089EE52-E029-46A0-B1FB-F0EE3C86AED3}.Debug|ARM64.Build.0 = Debug|Any CPU
		{7089EE52-E029-46A0-B1FB-F0EE3C86AED3}.Debug|iPhone.ActiveCfg = Debug|Any CPU
		{7089EE52-E029-46A0-B1FB-F0EE3C86AED3}.Debug|iPhone.Build.0 = Debug|Any CPU
		{7089EE52-E029-46A0-B1FB-F0EE3C86AED3}.Debug|iPhoneSimulator.ActiveCfg = Debug|Any CPU
		{7089EE52-E029-46A0-B1FB-F0EE3C86AED3}.Debug|iPhoneSimulator.Build.0 = Debug|Any CPU
		{7089EE52-E029-46A0-B1FB-F0EE3C86AED3}.Debug|x64.ActiveCfg = Debug|Any CPU
		{7089EE52-E029-46A0-B1FB-F0EE3C86AED3}.Debug|x64.Build.0 = Debug|Any CPU
		{7089EE52-E029-46A0-B1FB-F0EE3C86AED3}.Debug|x86.ActiveCfg = Debug|Any CPU
		{7089EE52-E029-46A0-B1FB-F0EE3C86AED3}.Debug|x86.Build.0 = Debug|Any CPU
		{7089EE52-E029-46A0-B1FB-F0EE3C86AED3}.Release|Any CPU.ActiveCfg = Release|Any CPU
		{7089EE52-E029-46A0-B1FB-F0EE3C86AED3}.Release|Any CPU.Build.0 = Release|Any CPU
		{7089EE52-E029-46A0-B1FB-F0EE3C86AED3}.Release|ARM.ActiveCfg = Release|Any CPU
		{7089EE52-E029-46A0-B1FB-F0EE3C86AED3}.Release|ARM.Build.0 = Release|Any CPU
		{7089EE52-E029-46A0-B1FB-F0EE3C86AED3}.Release|ARM64.ActiveCfg = Release|Any CPU
		{7089EE52-E029-46A0-B1FB-F0EE3C86AED3}.Release|ARM64.Build.0 = Release|Any CPU
		{7089EE52-E029-46A0-B1FB-F0EE3C86AED3}.Release|iPhone.ActiveCfg = Release|Any CPU
		{7089EE52-E029-46A0-B1FB-F0EE3C86AED3}.Release|iPhone.Build.0 = Release|Any CPU
		{7089EE52-E029-46A0-B1FB-F0EE3C86AED3}.Release|iPhoneSimulator.ActiveCfg = Release|Any CPU
		{7089EE52-E029-46A0-B1FB-F0EE3C86AED3}.Release|iPhoneSimulator.Build.0 = Release|Any CPU
		{7089EE52-E029-46A0-B1FB-F0EE3C86AED3}.Release|x64.ActiveCfg = Release|Any CPU
		{7089EE52-E029-46A0-B1FB-F0EE3C86AED3}.Release|x64.Build.0 = Release|Any CPU
		{7089EE52-E029-46A0-B1FB-F0EE3C86AED3}.Release|x86.ActiveCfg = Release|Any CPU
		{7089EE52-E029-46A0-B1FB-F0EE3C86AED3}.Release|x86.Build.0 = Release|Any CPU
	EndGlobalSection
	GlobalSection(SolutionProperties) = preSolution
		HideSolutionNode = FALSE
	EndGlobalSection
	GlobalSection(NestedProjects) = preSolution
		{F0BD9E54-9553-4844-BB2F-7E28728C8514} = {C71C3758-CC68-4977-B71D-028F6489A5D3}
		{E0725CA2-4BFD-427A-8162-2C24AB113200} = {F0BD9E54-9553-4844-BB2F-7E28728C8514}
		{E33A4994-F1E8-49CE-8A5F-1C6D2C062459} = {C71C3758-CC68-4977-B71D-028F6489A5D3}
		{D95C5098-7118-4E62-857A-323B8DD0CC4F} = {CE713054-04D4-40D6-BF71-60FA4A6EC648}
	EndGlobalSection
	GlobalSection(ExtensibilityGlobals) = postSolution
		SolutionGuid = {3C346883-D762-4DCF-AE52-72DB42FACC9F}
	EndGlobalSection
EndGlobal
